
Microsoft Visual Studio Solution File, Format Version 12.00
# Visual Studio Version 16
VisualStudioVersion = 16.0.30225.117
MinimumVisualStudioVersion = 10.0.40219.1
Project("{FAE04EC0-301F-11D3-BF4B-00C04F79EFBC}") = "DateTimeSubmission", "DateTimeSubmission.csproj", "{39B7E780-CC20-47E2-969E-3F7AB8FEE469}"
EndProject
Project("{FAE04EC0-301F-11D3-BF4B-00C04F79EFBC}") = "DateTimeDto", "..\DateTimeDto\DateTimeDto.csproj", "{297706B8-1E9D-4343-9393-F6A911FAE1A4}"
EndProject
Global
	GlobalSection(SolutionConfigurationPlatforms) = preSolution
		Debug|Any CPU = Debug|Any CPU
		Release|Any CPU = Release|Any CPU
	EndGlobalSection
	GlobalSection(ProjectConfigurationPlatforms) = postSolution
		{39B7E780-CC20-47E2-969E-3F7AB8FEE469}.Debug|Any CPU.ActiveCfg = Debug|Any CPU
		{39B7E780-CC20-47E2-969E-3F7AB8FEE469}.Debug|Any CPU.Build.0 = Debug|Any CPU
		{39B7E780-CC20-47E2-969E-3F7AB8FEE469}.Release|Any CPU.ActiveCfg = Release|Any CPU
		{39B7E780-CC20-47E2-969E-3F7AB8FEE469}.Release|Any CPU.Build.0 = Release|Any CPU
		{297706B8-1E9D-4343-9393-F6A911FAE1A4}.Debug|Any CPU.ActiveCfg = Debug|Any CPU
		{297706B8-1E9D-4343-9393-F6A911FAE1A4}.Debug|Any CPU.Build.0 = Debug|Any CPU
		{297706B8-1E9D-4343-9393-F6A911FAE1A4}.Release|Any CPU.ActiveCfg = Release|Any CPU
		{297706B8-1E9D-4343-9393-F6A911FAE1A4}.Release|Any CPU.Build.0 = Release|Any CPU
	EndGlobalSection
	GlobalSection(SolutionProperties) = preSolution
		HideSolutionNode = FALSE
	EndGlobalSection
	GlobalSection(ExtensibilityGlobals) = postSolution
		SolutionGuid = {82FA480D-673C-4DAC-81DA-2765A9798C80}
	EndGlobalSection
EndGlobal
